# This file is autogenerated, do not edit; changes may be undone by the next 'dep ensure'.


[[projects]]
  name = "github.com/NYTimes/gziphandler"
  packages = ["."]
  revision = "967539e5e271a2bc9b3dcb1285078a1b1df105ae"

[[projects]]
  name = "github.com/codegangsta/cli"
  packages = ["."]
  revision = "0bdeddeeb0f650497d603c4ad7b20cfe685682f6"
  version = "v1.19.1"

[[projects]]
  name = "github.com/creack/pty"
  packages = ["."]
  revision = "3a6a957789163cacdfe0e291617a1c8e80612c11"
  version = "v1.1.9"

[[projects]]
  name = "github.com/elazarl/go-bindata-assetfs"
  packages = ["."]
  revision = "d5cac425555ca5cf00694df246e04f05e6a55150"

[[projects]]
  name = "github.com/fatih/structs"
  packages = ["."]
  revision = "a9f7daa9c2729e97450c2da2feda19130a367d8f"

[[projects]]
  name = "github.com/gorilla/websocket"
  packages = ["."]
  revision = "b6ab76f1fe9803ee1d59e7e5b2a797c1fe897ce5"

[[projects]]
  name = "github.com/hashicorp/go-multierror"
  packages = ["."]
  revision = "56912fb08d85084aa318edcf2bba735b97cf35c5"

[[projects]]
  branch = "master"
  name = "github.com/hashicorp/yamux"
  packages = ["."]
  revision = "df201c70410deac145ff09e1126f3f8834ead1ec"

[[projects]]
  branch = "master"
  name = "github.com/kost/go-ntlmssp"
  packages = ["."]
  revision = "a22bdd33b2a45c81d5adce655962f79872df8fff"

[[projects]]
  name = "github.com/pkg/errors"
  packages = ["."]
  revision = "248dadf4e9068a0b3e79f02ed0a610d935de5302"

[[projects]]
  branch = "master"
  name = "github.com/yudai/hcl"
  packages = [".","hcl","json"]
  revision = "5fa2393b3552119bf33a69adb1402a1160cba23d"

[[projects]]
  branch = "master"
  name = "golang.org/x/crypto"
  packages = ["md4"]
  revision = "34f69633bfdcf9db92f698f8487115767eebef81"

[[projects]]
  branch = "master"
  name = "golang.org/x/sys"
  packages = ["unix"]
  revision = "5f54ce54270977bfbd7353a37e64c13d6bd6c9c9"

[solve-meta]
  analyzer-name = "dep"
  analyzer-version = 1
  inputs-digest = "634c1fe677883715e988cf21b0b125b8a0202bc764b9c513c353d5a942196817"
  solver-name = "gps-cdcl"
  solver-version = 1
